
Microsoft Visual Studio Solution File, Format Version 12.00
# Visual Studio Version 17
VisualStudioVersion = 17.5.001.0
MinimumVisualStudioVersion = 10.0.40219.1
Project("{9A19103F-16F7-4668-BE54-9A1E7A4F7556}") = "Kuizi1-NETCS_LB", "Kuizi1-NETCS_LB.csproj", "{EEABC664-5515-4FE9-A7F2-833B99196CA0}"
EndProject
Project("{9A19103F-16F7-4668-BE54-9A1E7A4F7556}") = "polymaths-e", "polymaths-e.csproj", "{5E5CF7F9-9A4E-4D04-948F-C563BE2BBB44}"
EndProject
Global
	GlobalSection(SolutionConfigurationPlatforms) = preSolution
		Debug|Any CPU = Debug|Any CPU
		Release|Any CPU = Release|Any CPU
	EndGlobalSection
	GlobalSection(ProjectConfigurationPlatforms) = postSolution
		{EEABC664-5515-4FE9-A7F2-833B99196CA0}.Debug|Any CPU.ActiveCfg = Debug|Any CPU
		{EEABC664-5515-4FE9-A7F2-833B99196CA0}.Debug|Any CPU.Build.0 = Debug|Any CPU
		{EEABC664-5515-4FE9-A7F2-833B99196CA0}.Release|Any CPU.ActiveCfg = Release|Any CPU
		{EEABC664-5515-4FE9-A7F2-833B99196CA0}.Release|Any CPU.Build.0 = Release|Any CPU
		{5E5CF7F9-9A4E-4D04-948F-C563BE2BBB44}.Debug|Any CPU.ActiveCfg = Debug|Any CPU
		{5E5CF7F9-9A4E-4D04-948F-C563BE2BBB44}.Debug|Any CPU.Build.0 = Debug|Any CPU
		{5E5CF7F9-9A4E-4D04-948F-C563BE2BBB44}.Release|Any CPU.ActiveCfg = Release|Any CPU
		{5E5CF7F9-9A4E-4D04-948F-C563BE2BBB44}.Release|Any CPU.Build.0 = Release|Any CPU
	EndGlobalSection
	GlobalSection(SolutionProperties) = preSolution
		HideSolutionNode = FALSE
	EndGlobalSection
	GlobalSection(ExtensibilityGlobals) = postSolution
		SolutionGuid = {703B3076-455E-40F8-9FE4-0BBD38DAAA4A}
	EndGlobalSection
EndGlobal
